
Microsoft Visual Studio Solution File, Format Version 12.00
# Visual Studio Version 17
VisualStudioVersion = 17.6.33815.320
MinimumVisualStudioVersion = 10.0.40219.1
Project("{FAE04EC0-301F-11D3-BF4B-00C04F79EFBC}") = "AddressBookSystemADO", "AddressBookSystemADO.csproj", "{1C05D522-F483-438E-AA69-3780FF59D61E}"
EndProject
Global
	GlobalSection(SolutionConfigurationPlatforms) = preSolution
		Debug|Any CPU = Debug|Any CPU
		Release|Any CPU = Release|Any CPU
	EndGlobalSection
	GlobalSection(ProjectConfigurationPlatforms) = postSolution
		{1C05D522-F483-438E-AA69-3780FF59D61E}.Debug|Any CPU.ActiveCfg = Debug|Any CPU
		{1C05D522-F483-438E-AA69-3780FF59D61E}.Debug|Any CPU.Build.0 = Debug|Any CPU
		{1C05D522-F483-438E-AA69-3780FF59D61E}.Release|Any CPU.ActiveCfg = Release|Any CPU
		{1C05D522-F483-438E-AA69-3780FF59D61E}.Release|Any CPU.Build.0 = Release|Any CPU
	EndGlobalSection
	GlobalSection(SolutionProperties) = preSolution
		HideSolutionNode = FALSE
	EndGlobalSection
	GlobalSection(ExtensibilityGlobals) = postSolution
		SolutionGuid = {2621ECE1-5A2A-4C47-8727-B1F0573D7F79}
	EndGlobalSection
EndGlobal
